
Microsoft Visual Studio Solution File, Format Version 12.00
# Visual Studio 15
VisualStudioVersion = 15.0.27703.2035
MinimumVisualStudioVersion = 10.0.40219.1
Project("{FAE04EC0-301F-11D3-BF4B-00C04F79EFBC}") = "Mini_puzzle", "Mini_puzzle\Mini_puzzle.csproj", "{C93336F3-2627-4052-B81A-A2B4751AC555}"
EndProject
Project("{FAE04EC0-301F-11D3-BF4B-00C04F79EFBC}") = "UnitTestProject1", "UnitTestProject1\UnitTestProject1.csproj", "{37FC9EDE-D70D-4048-8994-6E7B608A4E81}"
EndProject
Global
	GlobalSection(SolutionConfigurationPlatforms) = preSolution
		Debug|Any CPU = Debug|Any CPU
		Debug|x86 = Debug|x86
		Release|Any CPU = Release|Any CPU
		Release|x86 = Release|x86
	EndGlobalSection
	GlobalSection(ProjectConfigurationPlatforms) = postSolution
		{C93336F3-2627-4052-B81A-A2B4751AC555}.Debug|Any CPU.ActiveCfg = Debug|x86
		{C93336F3-2627-4052-B81A-A2B4751AC555}.Debug|x86.ActiveCfg = Debug|x86
		{C93336F3-2627-4052-B81A-A2B4751AC555}.Debug|x86.Build.0 = Debug|x86
		{C93336F3-2627-4052-B81A-A2B4751AC555}.Release|Any CPU.ActiveCfg = Release|x86
		{C93336F3-2627-4052-B81A-A2B4751AC555}.Release|x86.ActiveCfg = Release|x86
		{C93336F3-2627-4052-B81A-A2B4751AC555}.Release|x86.Build.0 = Release|x86
		{37FC9EDE-D70D-4048-8994-6E7B608A4E81}.Debug|Any CPU.ActiveCfg = Debug|Any CPU
		{37FC9EDE-D70D-4048-8994-6E7B608A4E81}.Debug|Any CPU.Build.0 = Debug|Any CPU
		{37FC9EDE-D70D-4048-8994-6E7B608A4E81}.Debug|x86.ActiveCfg = Debug|Any CPU
		{37FC9EDE-D70D-4048-8994-6E7B608A4E81}.Debug|x86.Build.0 = Debug|Any CPU
		{37FC9EDE-D70D-4048-8994-6E7B608A4E81}.Release|Any CPU.ActiveCfg = Release|Any CPU
		{37FC9EDE-D70D-4048-8994-6E7B608A4E81}.Release|Any CPU.Build.0 = Release|Any CPU
		{37FC9EDE-D70D-4048-8994-6E7B608A4E81}.Release|x86.ActiveCfg = Release|Any CPU
		{37FC9EDE-D70D-4048-8994-6E7B608A4E81}.Release|x86.Build.0 = Release|Any CPU
	EndGlobalSection
	GlobalSection(SolutionProperties) = preSolution
		HideSolutionNode = FALSE
	EndGlobalSection
	GlobalSection(ExtensibilityGlobals) = postSolution
		SolutionGuid = {D154C1E5-A32C-43CB-AD8C-45E6650BD6B4}
	EndGlobalSection
EndGlobal
